# This file is autogenerated, do not edit; changes may be undone by the next 'dep ensure'.


[[projects]]
  name = "github.com/shopspring/decimal"
  packages = ["."]
  revision = "9ca7f51822d222ae4e246f070f9aad863599bd1a"
  version = "1.0.0"

[[projects]]
  branch = "master"
  name = "github.com/tyler-sommer/stick"
  packages = [
    ".",
    "parse"
  ]
  revision = "05634229ddd17c5a0244788fbdb9995729bb42b0"

[solve-meta]
  analyzer-name = "dep"
  analyzer-version = 1
  inputs-digest = "f70f1f1c4d987ced7507f4711a107639694a3563edd7d41c934799b222adcd55"
  solver-name = "gps-cdcl"
  solver-version = 1
